
Microsoft Visual Studio Solution File, Format Version 12.00
# Visual Studio Version 17
VisualStudioVersion = 17.8.34330.188
MinimumVisualStudioVersion = 10.0.40219.1
Project("{FAE04EC0-301F-11D3-BF4B-00C04F79EFBC}") = "BabyBackend", "BabyBackend\BabyBackend.csproj", "{FFE54B8A-A93F-4B30-AA2B-9A5DA7235632}"
EndProject
Global
	GlobalSection(SolutionConfigurationPlatforms) = preSolution
		Debug|Any CPU = Debug|Any CPU
		Release|Any CPU = Release|Any CPU
	EndGlobalSection
	GlobalSection(ProjectConfigurationPlatforms) = postSolution
		{FFE54B8A-A93F-4B30-AA2B-9A5DA7235632}.Debug|Any CPU.ActiveCfg = Debug|Any CPU
		{FFE54B8A-A93F-4B30-AA2B-9A5DA7235632}.Debug|Any CPU.Build.0 = Debug|Any CPU
		{FFE54B8A-A93F-4B30-AA2B-9A5DA7235632}.Release|Any CPU.ActiveCfg = Release|Any CPU
		{FFE54B8A-A93F-4B30-AA2B-9A5DA7235632}.Release|Any CPU.Build.0 = Release|Any CPU
	EndGlobalSection
	GlobalSection(SolutionProperties) = preSolution
		HideSolutionNode = FALSE
	EndGlobalSection
	GlobalSection(ExtensibilityGlobals) = postSolution
		SolutionGuid = {5028F6D8-A069-4615-ACEE-10906F46DC86}
	EndGlobalSection
EndGlobal
